
Microsoft Visual Studio Solution File, Format Version 12.00
# Visual Studio Version 17
VisualStudioVersion = 17.4.33122.133
MinimumVisualStudioVersion = 10.0.40219.1
Project("{FAE04EC0-301F-11D3-BF4B-00C04F79EFBC}") = "OOP_3", "OOP_3\OOP_3.csproj", "{F4089DCF-4076-4B27-8521-CAE3E96BD354}"
EndProject
Global
	GlobalSection(SolutionConfigurationPlatforms) = preSolution
		Debug|Any CPU = Debug|Any CPU
		Release|Any CPU = Release|Any CPU
	EndGlobalSection
	GlobalSection(ProjectConfigurationPlatforms) = postSolution
		{F4089DCF-4076-4B27-8521-CAE3E96BD354}.Debug|Any CPU.ActiveCfg = Debug|Any CPU
		{F4089DCF-4076-4B27-8521-CAE3E96BD354}.Debug|Any CPU.Build.0 = Debug|Any CPU
		{F4089DCF-4076-4B27-8521-CAE3E96BD354}.Release|Any CPU.ActiveCfg = Release|Any CPU
		{F4089DCF-4076-4B27-8521-CAE3E96BD354}.Release|Any CPU.Build.0 = Release|Any CPU
	EndGlobalSection
	GlobalSection(SolutionProperties) = preSolution
		HideSolutionNode = FALSE
	EndGlobalSection
	GlobalSection(ExtensibilityGlobals) = postSolution
		SolutionGuid = {32D33014-C7A6-4F79-9205-5DF126DBFB06}
	EndGlobalSection
EndGlobal
